
Microsoft Visual Studio Solution File, Format Version 12.00
# Visual Studio Version 17
VisualStudioVersion = 17.5.33424.131
MinimumVisualStudioVersion = 10.0.40219.1
Project("{FAE04EC0-301F-11D3-BF4B-00C04F79EFBC}") = "Basic game decide", "Basic game decide\Basic game decide.csproj", "{FFB31EF5-A20C-48EA-9AA8-6EB128DEE6F1}"
EndProject
Global
	GlobalSection(SolutionConfigurationPlatforms) = preSolution
		Debug|Any CPU = Debug|Any CPU
		Release|Any CPU = Release|Any CPU
	EndGlobalSection
	GlobalSection(ProjectConfigurationPlatforms) = postSolution
		{FFB31EF5-A20C-48EA-9AA8-6EB128DEE6F1}.Debug|Any CPU.ActiveCfg = Debug|Any CPU
		{FFB31EF5-A20C-48EA-9AA8-6EB128DEE6F1}.Debug|Any CPU.Build.0 = Debug|Any CPU
		{FFB31EF5-A20C-48EA-9AA8-6EB128DEE6F1}.Release|Any CPU.ActiveCfg = Release|Any CPU
		{FFB31EF5-A20C-48EA-9AA8-6EB128DEE6F1}.Release|Any CPU.Build.0 = Release|Any CPU
	EndGlobalSection
	GlobalSection(SolutionProperties) = preSolution
		HideSolutionNode = FALSE
	EndGlobalSection
	GlobalSection(ExtensibilityGlobals) = postSolution
		SolutionGuid = {9B3D2344-4476-4D5E-8215-7F0458810730}
	EndGlobalSection
EndGlobal
